
Microsoft Visual Studio Solution File, Format Version 12.00
# Visual Studio Version 16
VisualStudioVersion = 16.0.29025.244
MinimumVisualStudioVersion = 10.0.40219.1
Project("{FAE04EC0-301F-11D3-BF4B-00C04F79EFBC}") = "Interface", "Interface\Interface.csproj", "{D7C150D3-7F6E-4300-92D9-74F2F36BE799}"
EndProject
Project("{FAE04EC0-301F-11D3-BF4B-00C04F79EFBC}") = "DataAccess", "DataAccess\DataAccess.csproj", "{5941A087-A3B2-456F-AF64-8881ED9AA242}"
EndProject
Project("{FAE04EC0-301F-11D3-BF4B-00C04F79EFBC}") = "Common", "Common\Common.csproj", "{F3EDEF19-EC3C-4029-8F19-BD39C89DBF0F}"
EndProject
Project("{FAE04EC0-301F-11D3-BF4B-00C04F79EFBC}") = "ClientApp", "ClientApp\ClientApp.csproj", "{5C31FCE7-FFBD-472A-A3B1-C4DD7F09EEAF}"
EndProject
Project("{2150E333-8FDC-42A3-9474-1A3956D46DE8}") = "Client", "Client", "{EE18687E-54A2-4FFD-B7C7-649CF3089030}"
EndProject
Project("{2150E333-8FDC-42A3-9474-1A3956D46DE8}") = "Server", "Server", "{A860E769-02BE-407D-9072-759B0967555D}"
EndProject
Project("{2150E333-8FDC-42A3-9474-1A3956D46DE8}") = "Commons", "Commons", "{E15D3EF5-EED5-4E12-93BF-E76422ADCD2E}"
EndProject
Project("{2150E333-8FDC-42A3-9474-1A3956D46DE8}") = "C++Librany", "C++Librany", "{CAB9D69B-2A08-42B4-9451-B48886124BA8}"
EndProject
Project("{8BC9CEB8-8B4A-11D0-8D11-00A0C91BC942}") = "facekit", "facekit\facekit.vcxproj", "{BFBBAE2A-3E00-49DB-900E-78B01A64D507}"
EndProject
Project("{FAE04EC0-301F-11D3-BF4B-00C04F79EFBC}") = "DllHelper", "TestDLL\DllHelper.csproj", "{BA9ECF9C-B135-4C5C-BE25-FF7B96CD9E05}"
EndProject
Project("{2150E333-8FDC-42A3-9474-1A3956D46DE8}") = "OLD", "OLD", "{F4B7696A-A77B-420E-890F-2A3561DE1D44}"
EndProject
Project("{FAE04EC0-301F-11D3-BF4B-00C04F79EFBC}") = "Entities", "Entities\Entities.csproj", "{ADA732E3-3E76-4A2F-B17C-27FB44B319E6}"
EndProject
Project("{2150E333-8FDC-42A3-9474-1A3956D46DE8}") = "extents", "extents", "{9FAC052A-7799-4F74-8737-E5D3B1769F7A}"
EndProject
Project("{FAE04EC0-301F-11D3-BF4B-00C04F79EFBC}") = "Web_Public", "Web_Public\Web_Public.csproj", "{57ABFCFF-39A6-4C74-BEF8-DBD31F727918}"
EndProject
Global
	GlobalSection(SolutionConfigurationPlatforms) = preSolution
		Debug|Any CPU = Debug|Any CPU
		Debug|x64 = Debug|x64
		Debug|x86 = Debug|x86
		Release|Any CPU = Release|Any CPU
		Release|x64 = Release|x64
		Release|x86 = Release|x86
	EndGlobalSection
	GlobalSection(ProjectConfigurationPlatforms) = postSolution
		{D7C150D3-7F6E-4300-92D9-74F2F36BE799}.Debug|Any CPU.ActiveCfg = Debug|Any CPU
		{D7C150D3-7F6E-4300-92D9-74F2F36BE799}.Debug|Any CPU.Build.0 = Debug|Any CPU
		{D7C150D3-7F6E-4300-92D9-74F2F36BE799}.Debug|x64.ActiveCfg = Debug|Any CPU
		{D7C150D3-7F6E-4300-92D9-74F2F36BE799}.Debug|x64.Build.0 = Debug|Any CPU
		{D7C150D3-7F6E-4300-92D9-74F2F36BE799}.Debug|x86.ActiveCfg = Debug|Any CPU
		{D7C150D3-7F6E-4300-92D9-74F2F36BE799}.Debug|x86.Build.0 = Debug|Any CPU
		{D7C150D3-7F6E-4300-92D9-74F2F36BE799}.Release|Any CPU.ActiveCfg = Release|Any CPU
		{D7C150D3-7F6E-4300-92D9-74F2F36BE799}.Release|Any CPU.Build.0 = Release|Any CPU
		{D7C150D3-7F6E-4300-92D9-74F2F36BE799}.Release|x64.ActiveCfg = Release|Any CPU
		{D7C150D3-7F6E-4300-92D9-74F2F36BE799}.Release|x64.Build.0 = Release|Any CPU
		{D7C150D3-7F6E-4300-92D9-74F2F36BE799}.Release|x86.ActiveCfg = Release|Any CPU
		{D7C150D3-7F6E-4300-92D9-74F2F36BE799}.Release|x86.Build.0 = Release|Any CPU
		{5941A087-A3B2-456F-AF64-8881ED9AA242}.Debug|Any CPU.ActiveCfg = Debug|Any CPU
		{5941A087-A3B2-456F-AF64-8881ED9AA242}.Debug|Any CPU.Build.0 = Debug|Any CPU
		{5941A087-A3B2-456F-AF64-8881ED9AA242}.Debug|x64.ActiveCfg = Debug|Any CPU
		{5941A087-A3B2-456F-AF64-8881ED9AA242}.Debug|x64.Build.0 = Debug|Any CPU
		{5941A087-A3B2-456F-AF64-8881ED9AA242}.Debug|x86.ActiveCfg = Debug|Any CPU
		{5941A087-A3B2-456F-AF64-8881ED9AA242}.Debug|x86.Build.0 = Debug|Any CPU
		{5941A087-A3B2-456F-AF64-8881ED9AA242}.Release|Any CPU.ActiveCfg = Release|Any CPU
		{5941A087-A3B2-456F-AF64-8881ED9AA242}.Release|Any CPU.Build.0 = Release|Any CPU
		{5941A087-A3B2-456F-AF64-8881ED9AA242}.Release|x64.ActiveCfg = Release|Any CPU
		{5941A087-A3B2-456F-AF64-8881ED9AA242}.Release|x64.Build.0 = Release|Any CPU
		{5941A087-A3B2-456F-AF64-8881ED9AA242}.Release|x86.ActiveCfg = Release|Any CPU
		{5941A087-A3B2-456F-AF64-8881ED9AA242}.Release|x86.Build.0 = Release|Any CPU
		{F3EDEF19-EC3C-4029-8F19-BD39C89DBF0F}.Debug|Any CPU.ActiveCfg = Debug|Any CPU
		{F3EDEF19-EC3C-4029-8F19-BD39C89DBF0F}.Debug|Any CPU.Build.0 = Debug|Any CPU
		{F3EDEF19-EC3C-4029-8F19-BD39C89DBF0F}.Debug|x64.ActiveCfg = Debug|Any CPU
		{F3EDEF19-EC3C-4029-8F19-BD39C89DBF0F}.Debug|x64.Build.0 = Debug|Any CPU
		{F3EDEF19-EC3C-4029-8F19-BD39C89DBF0F}.Debug|x86.ActiveCfg = Debug|Any CPU
		{F3EDEF19-EC3C-4029-8F19-BD39C89DBF0F}.Debug|x86.Build.0 = Debug|Any CPU
		{F3EDEF19-EC3C-4029-8F19-BD39C89DBF0F}.Release|Any CPU.ActiveCfg = Release|Any CPU
		{F3EDEF19-EC3C-4029-8F19-BD39C89DBF0F}.Release|Any CPU.Build.0 = Release|Any CPU
		{F3EDEF19-EC3C-4029-8F19-BD39C89DBF0F}.Release|x64.ActiveCfg = Release|Any CPU
		{F3EDEF19-EC3C-4029-8F19-BD39C89DBF0F}.Release|x64.Build.0 = Release|Any CPU
		{F3EDEF19-EC3C-4029-8F19-BD39C89DBF0F}.Release|x86.ActiveCfg = Release|Any CPU
		{F3EDEF19-EC3C-4029-8F19-BD39C89DBF0F}.Release|x86.Build.0 = Release|Any CPU
		{5C31FCE7-FFBD-472A-A3B1-C4DD7F09EEAF}.Debug|Any CPU.ActiveCfg = Debug|Any CPU
		{5C31FCE7-FFBD-472A-A3B1-C4DD7F09EEAF}.Debug|Any CPU.Build.0 = Debug|Any CPU
		{5C31FCE7-FFBD-472A-A3B1-C4DD7F09EEAF}.Debug|x64.ActiveCfg = Debug|Any CPU
		{5C31FCE7-FFBD-472A-A3B1-C4DD7F09EEAF}.Debug|x64.Build.0 = Debug|Any CPU
		{5C31FCE7-FFBD-472A-A3B1-C4DD7F09EEAF}.Debug|x86.ActiveCfg = Debug|Any CPU
		{5C31FCE7-FFBD-472A-A3B1-C4DD7F09EEAF}.Debug|x86.Build.0 = Debug|Any CPU
		{5C31FCE7-FFBD-472A-A3B1-C4DD7F09EEAF}.Release|Any CPU.ActiveCfg = Release|Any CPU
		{5C31FCE7-FFBD-472A-A3B1-C4DD7F09EEAF}.Release|Any CPU.Build.0 = Release|Any CPU
		{5C31FCE7-FFBD-472A-A3B1-C4DD7F09EEAF}.Release|x64.ActiveCfg = Release|Any CPU
		{5C31FCE7-FFBD-472A-A3B1-C4DD7F09EEAF}.Release|x64.Build.0 = Release|Any CPU
		{5C31FCE7-FFBD-472A-A3B1-C4DD7F09EEAF}.Release|x86.ActiveCfg = Release|Any CPU
		{5C31FCE7-FFBD-472A-A3B1-C4DD7F09EEAF}.Release|x86.Build.0 = Release|Any CPU
		{BFBBAE2A-3E00-49DB-900E-78B01A64D507}.Debug|Any CPU.ActiveCfg = Debug|Win32
		{BFBBAE2A-3E00-49DB-900E-78B01A64D507}.Debug|x64.ActiveCfg = Debug|x64
		{BFBBAE2A-3E00-49DB-900E-78B01A64D507}.Debug|x64.Build.0 = Debug|x64
		{BFBBAE2A-3E00-49DB-900E-78B01A64D507}.Debug|x86.ActiveCfg = Debug|Win32
		{BFBBAE2A-3E00-49DB-900E-78B01A64D507}.Debug|x86.Build.0 = Debug|Win32
		{BFBBAE2A-3E00-49DB-900E-78B01A64D507}.Release|Any CPU.ActiveCfg = Release|Win32
		{BFBBAE2A-3E00-49DB-900E-78B01A64D507}.Release|x64.ActiveCfg = Release|x64
		{BFBBAE2A-3E00-49DB-900E-78B01A64D507}.Release|x64.Build.0 = Release|x64
		{BFBBAE2A-3E00-49DB-900E-78B01A64D507}.Release|x86.ActiveCfg = Release|Win32
		{BFBBAE2A-3E00-49DB-900E-78B01A64D507}.Release|x86.Build.0 = Release|Win32
		{BA9ECF9C-B135-4C5C-BE25-FF7B96CD9E05}.Debug|Any CPU.ActiveCfg = Debug|Any CPU
		{BA9ECF9C-B135-4C5C-BE25-FF7B96CD9E05}.Debug|Any CPU.Build.0 = Debug|Any CPU
		{BA9ECF9C-B135-4C5C-BE25-FF7B96CD9E05}.Debug|x64.ActiveCfg = Debug|Any CPU
		{BA9ECF9C-B135-4C5C-BE25-FF7B96CD9E05}.Debug|x64.Build.0 = Debug|Any CPU
		{BA9ECF9C-B135-4C5C-BE25-FF7B96CD9E05}.Debug|x86.ActiveCfg = Debug|Any CPU
		{BA9ECF9C-B135-4C5C-BE25-FF7B96CD9E05}.Debug|x86.Build.0 = Debug|Any CPU
		{BA9ECF9C-B135-4C5C-BE25-FF7B96CD9E05}.Release|Any CPU.ActiveCfg = Release|Any CPU
		{BA9ECF9C-B135-4C5C-BE25-FF7B96CD9E05}.Release|Any CPU.Build.0 = Release|Any CPU
		{BA9ECF9C-B135-4C5C-BE25-FF7B96CD9E05}.Release|x64.ActiveCfg = Release|Any CPU
		{BA9ECF9C-B135-4C5C-BE25-FF7B96CD9E05}.Release|x64.Build.0 = Release|Any CPU
		{BA9ECF9C-B135-4C5C-BE25-FF7B96CD9E05}.Release|x86.ActiveCfg = Release|Any CPU
		{BA9ECF9C-B135-4C5C-BE25-FF7B96CD9E05}.Release|x86.Build.0 = Release|Any CPU
		{ADA732E3-3E76-4A2F-B17C-27FB44B319E6}.Debug|Any CPU.ActiveCfg = Debug|Any CPU
		{ADA732E3-3E76-4A2F-B17C-27FB44B319E6}.Debug|Any CPU.Build.0 = Debug|Any CPU
		{ADA732E3-3E76-4A2F-B17C-27FB44B319E6}.Debug|x64.ActiveCfg = Debug|Any CPU
		{ADA732E3-3E76-4A2F-B17C-27FB44B319E6}.Debug|x64.Build.0 = Debug|Any CPU
		{ADA732E3-3E76-4A2F-B17C-27FB44B319E6}.Debug|x86.ActiveCfg = Debug|Any CPU
		{ADA732E3-3E76-4A2F-B17C-27FB44B319E6}.Debug|x86.Build.0 = Debug|Any CPU
		{ADA732E3-3E76-4A2F-B17C-27FB44B319E6}.Release|Any CPU.ActiveCfg = Release|Any CPU
		{ADA732E3-3E76-4A2F-B17C-27FB44B319E6}.Release|Any CPU.Build.0 = Release|Any CPU
		{ADA732E3-3E76-4A2F-B17C-27FB44B319E6}.Release|x64.ActiveCfg = Release|Any CPU
		{ADA732E3-3E76-4A2F-B17C-27FB44B319E6}.Release|x64.Build.0 = Release|Any CPU
		{ADA732E3-3E76-4A2F-B17C-27FB44B319E6}.Release|x86.ActiveCfg = Release|Any CPU
		{ADA732E3-3E76-4A2F-B17C-27FB44B319E6}.Release|x86.Build.0 = Release|Any CPU
		{57ABFCFF-39A6-4C74-BEF8-DBD31F727918}.Debug|Any CPU.ActiveCfg = Debug|Any CPU
		{57ABFCFF-39A6-4C74-BEF8-DBD31F727918}.Debug|Any CPU.Build.0 = Debug|Any CPU
		{57ABFCFF-39A6-4C74-BEF8-DBD31F727918}.Debug|x64.ActiveCfg = Debug|Any CPU
		{57ABFCFF-39A6-4C74-BEF8-DBD31F727918}.Debug|x64.Build.0 = Debug|Any CPU
		{57ABFCFF-39A6-4C74-BEF8-DBD31F727918}.Debug|x86.ActiveCfg = Debug|Any CPU
		{57ABFCFF-39A6-4C74-BEF8-DBD31F727918}.Debug|x86.Build.0 = Debug|Any CPU
		{57ABFCFF-39A6-4C74-BEF8-DBD31F727918}.Release|Any CPU.ActiveCfg = Release|Any CPU
		{57ABFCFF-39A6-4C74-BEF8-DBD31F727918}.Release|Any CPU.Build.0 = Release|Any CPU
		{57ABFCFF-39A6-4C74-BEF8-DBD31F727918}.Release|x64.ActiveCfg = Release|Any CPU
		{57ABFCFF-39A6-4C74-BEF8-DBD31F727918}.Release|x64.Build.0 = Release|Any CPU
		{57ABFCFF-39A6-4C74-BEF8-DBD31F727918}.Release|x86.ActiveCfg = Release|Any CPU
		{57ABFCFF-39A6-4C74-BEF8-DBD31F727918}.Release|x86.Build.0 = Release|Any CPU
	EndGlobalSection
	GlobalSection(SolutionProperties) = preSolution
		HideSolutionNode = FALSE
	EndGlobalSection
	GlobalSection(NestedProjects) = preSolution
		{D7C150D3-7F6E-4300-92D9-74F2F36BE799} = {A860E769-02BE-407D-9072-759B0967555D}
		{5941A087-A3B2-456F-AF64-8881ED9AA242} = {A860E769-02BE-407D-9072-759B0967555D}
		{F3EDEF19-EC3C-4029-8F19-BD39C89DBF0F} = {E15D3EF5-EED5-4E12-93BF-E76422ADCD2E}
		{5C31FCE7-FFBD-472A-A3B1-C4DD7F09EEAF} = {EE18687E-54A2-4FFD-B7C7-649CF3089030}
		{BFBBAE2A-3E00-49DB-900E-78B01A64D507} = {CAB9D69B-2A08-42B4-9451-B48886124BA8}
		{BA9ECF9C-B135-4C5C-BE25-FF7B96CD9E05} = {EE18687E-54A2-4FFD-B7C7-649CF3089030}
		{F4B7696A-A77B-420E-890F-2A3561DE1D44} = {A860E769-02BE-407D-9072-759B0967555D}
		{ADA732E3-3E76-4A2F-B17C-27FB44B319E6} = {A860E769-02BE-407D-9072-759B0967555D}
		{9FAC052A-7799-4F74-8737-E5D3B1769F7A} = {A860E769-02BE-407D-9072-759B0967555D}
	EndGlobalSection
	GlobalSection(ExtensibilityGlobals) = postSolution
		SolutionGuid = {0B3B4015-2107-4252-BCE5-D5A51EC6BDA7}
	EndGlobalSection
EndGlobal
