
Microsoft Visual Studio Solution File, Format Version 12.00
# Visual Studio 14
VisualStudioVersion = 14.0.25420.1
MinimumVisualStudioVersion = 10.0.40219.1
Project("{FAE04EC0-301F-11D3-BF4B-00C04F79EFBC}") = "TestCMNDCsharp", "TestCMNDCsharp\TestCMNDCsharp.csproj", "{1293715A-E8C3-4C36-9101-0D8A4729AADB}"
EndProject
Global
	GlobalSection(SolutionConfigurationPlatforms) = preSolution
		Debug|Any CPU = Debug|Any CPU
		Debug|x64 = Debug|x64
		Release|Any CPU = Release|Any CPU
		Release|x64 = Release|x64
	EndGlobalSection
	GlobalSection(ProjectConfigurationPlatforms) = postSolution
		{1293715A-E8C3-4C36-9101-0D8A4729AADB}.Debug|Any CPU.ActiveCfg = Debug|Any CPU
		{1293715A-E8C3-4C36-9101-0D8A4729AADB}.Debug|Any CPU.Build.0 = Debug|Any CPU
		{1293715A-E8C3-4C36-9101-0D8A4729AADB}.Debug|x64.ActiveCfg = Debug|x64
		{1293715A-E8C3-4C36-9101-0D8A4729AADB}.Debug|x64.Build.0 = Debug|x64
		{1293715A-E8C3-4C36-9101-0D8A4729AADB}.Release|Any CPU.ActiveCfg = Release|Any CPU
		{1293715A-E8C3-4C36-9101-0D8A4729AADB}.Release|Any CPU.Build.0 = Release|Any CPU
		{1293715A-E8C3-4C36-9101-0D8A4729AADB}.Release|x64.ActiveCfg = Release|x64
		{1293715A-E8C3-4C36-9101-0D8A4729AADB}.Release|x64.Build.0 = Release|x64
	EndGlobalSection
	GlobalSection(SolutionProperties) = preSolution
		HideSolutionNode = FALSE
	EndGlobalSection
	GlobalSection(ExtensibilityGlobals) = postSolution
		SolutionGuid = {D30C285C-F695-45BE-8F3B-7F4516ABF64E}
		VisualSVNWorkingCopyRoot = .
	EndGlobalSection
EndGlobal
